
Microsoft Visual Studio Solution File, Format Version 12.00
# Visual Studio Version 17
VisualStudioVersion = 17.8.34316.72
MinimumVisualStudioVersion = 10.0.40219.1
Project("{FAE04EC0-301F-11D3-BF4B-00C04F79EFBC}") = "PokemonTrainerDatabase", "PokemonTrainerDatabase.csproj", "{7CB3CA9E-FD8A-44C3-8CF2-6A9F82352998}"
EndProject
Global
	GlobalSection(SolutionConfigurationPlatforms) = preSolution
		Debug|Any CPU = Debug|Any CPU
		Release|Any CPU = Release|Any CPU
	EndGlobalSection
	GlobalSection(ProjectConfigurationPlatforms) = postSolution
		{7CB3CA9E-FD8A-44C3-8CF2-6A9F82352998}.Debug|Any CPU.ActiveCfg = Debug|Any CPU
		{7CB3CA9E-FD8A-44C3-8CF2-6A9F82352998}.Debug|Any CPU.Build.0 = Debug|Any CPU
		{7CB3CA9E-FD8A-44C3-8CF2-6A9F82352998}.Release|Any CPU.ActiveCfg = Release|Any CPU
		{7CB3CA9E-FD8A-44C3-8CF2-6A9F82352998}.Release|Any CPU.Build.0 = Release|Any CPU
	EndGlobalSection
	GlobalSection(SolutionProperties) = preSolution
		HideSolutionNode = FALSE
	EndGlobalSection
	GlobalSection(ExtensibilityGlobals) = postSolution
		SolutionGuid = {72B5C057-CBB0-4D3F-BD0F-39077C5A1634}
	EndGlobalSection
EndGlobal
